
Microsoft Visual Studio Solution File, Format Version 12.00
# Visual Studio Version 16
VisualStudioVersion = 16.0.30225.117
MinimumVisualStudioVersion = 10.0.40219.1
Project("{9A19103F-16F7-4668-BE54-9A1E7A4F7556}") = "copilot", "copilot\copilot.csproj", "{BE051965-0C8C-4781-B002-956B20287B3E}"
EndProject
Project("{FAE04EC0-301F-11D3-BF4B-00C04F79EFBC}") = "copilot.test", "copilot.test\copilot.test.csproj", "{93CF75E5-0E29-44A3-AC80-0B2FD0B17A43}"
EndProject
Global
	GlobalSection(SolutionConfigurationPlatforms) = preSolution
		Debug|Any CPU = Debug|Any CPU
		Release|Any CPU = Release|Any CPU
	EndGlobalSection
	GlobalSection(ProjectConfigurationPlatforms) = postSolution
		{BE051965-0C8C-4781-B002-956B20287B3E}.Debug|Any CPU.ActiveCfg = Debug|Any CPU
		{BE051965-0C8C-4781-B002-956B20287B3E}.Debug|Any CPU.Build.0 = Debug|Any CPU
		{BE051965-0C8C-4781-B002-956B20287B3E}.Release|Any CPU.ActiveCfg = Release|Any CPU
		{BE051965-0C8C-4781-B002-956B20287B3E}.Release|Any CPU.Build.0 = Release|Any CPU
		{93CF75E5-0E29-44A3-AC80-0B2FD0B17A43}.Debug|Any CPU.ActiveCfg = Debug|Any CPU
		{93CF75E5-0E29-44A3-AC80-0B2FD0B17A43}.Debug|Any CPU.Build.0 = Debug|Any CPU
		{93CF75E5-0E29-44A3-AC80-0B2FD0B17A43}.Release|Any CPU.ActiveCfg = Release|Any CPU
		{93CF75E5-0E29-44A3-AC80-0B2FD0B17A43}.Release|Any CPU.Build.0 = Release|Any CPU
	EndGlobalSection
	GlobalSection(SolutionProperties) = preSolution
		HideSolutionNode = FALSE
	EndGlobalSection
	GlobalSection(ExtensibilityGlobals) = postSolution
		SolutionGuid = {774F6CB6-CCFC-4FBA-B3AD-8B4423F6E2FE}
	EndGlobalSection
EndGlobal
